
Microsoft Visual Studio Solution File, Format Version 12.00
# Visual Studio Version 17
VisualStudioVersion = 17.8.34309.116
MinimumVisualStudioVersion = 10.0.40219.1
Project("{9A19103F-16F7-4668-BE54-9A1E7A4F7556}") = "TcpServer", "TcpCommunication\TcpServer.csproj", "{1602036C-B1CD-494F-9253-8E3D42387892}"
EndProject
Global
	GlobalSection(SolutionConfigurationPlatforms) = preSolution
		Debug|Any CPU = Debug|Any CPU
		Release|Any CPU = Release|Any CPU
	EndGlobalSection
	GlobalSection(ProjectConfigurationPlatforms) = postSolution
		{1602036C-B1CD-494F-9253-8E3D42387892}.Debug|Any CPU.ActiveCfg = Debug|Any CPU
		{1602036C-B1CD-494F-9253-8E3D42387892}.Debug|Any CPU.Build.0 = Debug|Any CPU
		{1602036C-B1CD-494F-9253-8E3D42387892}.Release|Any CPU.ActiveCfg = Release|Any CPU
		{1602036C-B1CD-494F-9253-8E3D42387892}.Release|Any CPU.Build.0 = Release|Any CPU
	EndGlobalSection
	GlobalSection(SolutionProperties) = preSolution
		HideSolutionNode = FALSE
	EndGlobalSection
	GlobalSection(ExtensibilityGlobals) = postSolution
		SolutionGuid = {B068CCF1-4E6A-4A74-9B53-495C8F3F8B9E}
	EndGlobalSection
EndGlobal
